github.com/BurntSushi/toml v0.3.1 h1:WXkYYl6Yr3qBf1K79EBnL4mak0OimBfB0XUf9Vl28OQ=
github.com/BurntSushi/toml v0.3.1/go.mod h1:xHWCNGjB5oqiDr8zfno3MHue2Ht5sIBksp03qcyfWMU=
github.com/badoux/checkmail v0.0.0-20181210160741-9661bd69e9ad h1:kXfVkP8xPSJXzicomzjECcw6tv1Wl9h1lNenWBfNKdg=
github.com/badoux/checkmail v0.0.0-20181210160741-9661bd69e9ad/go.mod h1:r5ZalvRl3tXevRNJkwIB6DC4DD3DMjIlY9NEU1XGoaQ=
github.com/cosiner/argv v0.0.0-20170225145430-13bacc38a0a5 h1:rIXlvz2IWiupMFlC45cZCXZFvKX/ExBcSLrDy2G0Lp8=
github.com/cosiner/argv v0.0.0-20170225145430-13bacc38a0a5/go.mod h1:p/NrK5tF6ICIly4qwEDsf6VDirFiWWz0FenfYBwJaKQ=
github.com/cpuguy83/go-md2man v1.0.8/go.mod h1:N6JayAiVKtlHSnuTCeuLSQVs75hb8q+dYQLjr7cDsKY=
github.com/davecgh/go-spew v1.1.0/go.mod h1:J7Y8YcW2NihsgmVo/mv3lAwl/skON4iLHjSsI+c5H38=
github.com/davecgh/go-spew v1.1.1/go.mod h1:J7Y8YcW2NihsgmVo/mv3lAwl/skON4iLHjSsI+c5H38=
github.com/denisenkom/go-mssqldb v0.0.0-20191124224453-732737034ffd/go.mod h1:xbL0rPBG9cCiLr28tMa8zpbdarY27NDyej4t/EjAShU=
github.com/dgrijalva/jwt-go v1.0.2 h1:KPldsxuKGsS2FPWsNeg9ZO18aCrGKujPoWXn2yo+KQM=
github.com/dgrijalva/jwt-go v3.2.0+incompatible h1:7qlOGliEKZXTDg6OTjfoBKDXWrumCAMpl/TFQ4/5kLM=
github.com/dgrijalva/jwt-go v3.2.0+incompatible/go.mod h1:E3ru+11k8xSBh+hMPgOLZmtrrCbhqsmaPHjLKYnJCaQ=
github.com/erikstmartin/go-testdb v0.0.0-20160219214506-8d10e4a1bae5/go.mod h1:a2zkGnVExMxdzMo3M0Hi/3sEU+cWnZpSni0O6/Yb/P0=
github.com/fsnotify/fsnotify v1.4.7/go.mod h1:jwhsz4b93w/PPRr/qN1Yymfu8t87LnFCMoQvtojpjFo=
github.com/go-delve/delve v1.4.0 h1:O+1dw1XBZXqhC6fIPQwGxLlbd2wDRau7NxNhVpw02ag=
github.com/go-delve/delve v1.4.0/go.mod h1:gQM0ReOJLNAvPuKAXfjHngtE93C2yc/ekTbo7YbAHSo=
github.com/go-sql-driver/mysql v1.4.1 h1:g24URVg0OFbNUTx9qqY1IRZ9D9z3iPyi5zKhQZpNwpA=
github.com/go-sql-driver/mysql v1.4.1/go.mod h1:zAC/RDZ24gD3HViQzih4MyKcchzm+sOG5ZlKdlhCg5w=
github.com/golang-sql/civil v0.0.0-20190719163853-cb61b32ac6fe/go.mod h1:8vg3r2VgvsThLBIFL93Qb5yWzgyZWhEmBwUJWevAkK0=
github.com/golang/protobuf v1.2.0/go.mod h1:6lQm79b+lXiMfvg/cZm0SGofjICqVBUtrP5yJMmIC1U=
github.com/google/renameio v0.1.0/go.mod h1:KWCgfxg9yswjAJkECMjeO8J8rahYeXnNhOm40UhjYkI=
github.com/gorilla/handlers v1.4.2 h1:0QniY0USkHQ1RGCLfKxeNHK9bkDHGRYGNDFBCS+YARg=
github.com/gorilla/handlers v1.4.2/go.mod h1:Qkdc/uu4tH4g6mTK6auzZ766c4CA0Ng8+o/OAirnOIQ=
github.com/gorilla/mux v1.7.4 h1:VuZ8uybHlWmqV03+zRzdwKL4tUnIp1MAQtp1mIFE1bc=
github.com/gorilla/mux v1.7.4/go.mod h1:DVbg23sWSpFRCP0SfiEN6jmj59UnW/n46BH5rLB71So=
github.com/hpcloud/tail v1.0.0/go.mod h1:ab1qPbhIpdTxEkNHXyeSf5vhxWSCs/tWer42PpOxQnU=
github.com/inconshreveable/mousetrap v1.0.0 h1:Z8tu5sraLXCXIcARxBp/8cbvlwVa7Z1NHg9XEKhtSvM=
github.com/inconshreveable/mousetrap v1.0.0/go.mod h1:PxqpIevigyE2G7u3NXJIT2ANytuPF1OarO4DADm73n8=
github.com/jinzhu/gorm v1.9.12 h1:Drgk1clyWT9t9ERbzHza6Mj/8FY/CqMyVzOiHviMo6Q=
github.com/jinzhu/gorm v1.9.12/go.mod h1:vhTjlKSJUTWNtcbQtrMBFCxy7eXTzeCAzfL5fBZT/Qs=
github.com/jinzhu/inflection v1.0.0 h1:K317FqzuhWc8YvSVlFMCCUb36O/S9MCKRDI7QkRKD/E=
github.com/jinzhu/inflection v1.0.0/go.mod h1:h+uFLlag+Qp1Va5pdKtLDYj+kHp5pxUVkryuEj+Srlc=
github.com/jinzhu/now v1.0.1/go.mod h1:d3SSVoowX0Lcu0IBviAWJpolVfI5UJVZZ7cO71lE/z8=
github.com/joho/godotenv v1.3.0 h1:Zjp+RcGpHhGlrMbJzXTrZZPrWj+1vfm90La1wgB6Bhc=
github.com/joho/godotenv v1.3.0/go.mod h1:7hK45KPybAkOC6peb+G5yklZfMxEjkZhHbwpqxOKXbg=
github.com/kisielk/gotool v1.0.0/go.mod h1:XhKaO+MFFWcvkIS/tQcRk01m1F5IRFswLeQ+oQHNcck=
github.com/kr/pretty v0.1.0/go.mod h1:dAy3ld7l9f0ibDNOQOHHMYYIIbhfbHSm3C4ZsoJORNo=
github.com/kr/pty v1.1.1/go.mod h1:pFQYn66WHrOpPYNljwOMqo10TkYh1fy3cYio2l3bCsQ=
github.com/kr/text v0.1.0/go.mod h1:4Jbv+DJW3UT/LiOwJeYQe1efqtUx/iVham/4vfdArNI=
github.com/lib/pq v1.1.1 h1:sJZmqHoEaY7f+NPP8pgLB/WxulyR3fewgCM2qaSlBb4=
github.com/lib/pq v1.1.1/go.mod h1:5WUZQaWbwv1U+lTReE5YruASi9Al49XbQIvNi/34Woo=
github.com/mattn/go-colorable v0.0.0-20170327083344-ded68f7a9561 h1:isR/L+BIZ+rqODWYR/f526ygrBMGKZYFhaaFRDGvuZ8=
github.com/mattn/go-colorable v0.0.0-20170327083344-ded68f7a9561/go.mod h1:9vuHe8Xs5qXnSaW/c/ABM9alt+Vo+STaOChaDxuIBZU=
github.com/mattn/go-isatty v0.0.3 h1:ns/ykhmWi7G9O+8a448SecJU3nSMBXJfqQkl0upE1jI=
github.com/mattn/go-isatty v0.0.3/go.mod h1:M+lRXTBqGeGNdLjl/ufCoiOlB5xdOkqRJdNxMWT7Zi4=
github.com/mattn/go-sqlite3 v2.0.1+incompatible/go.mod h1:FPy6KqzDD04eiIsT53CuJW3U88zkxoIYsOqkbpncsNc=
github.com/onsi/ginkgo v1.6.0/go.mod h1:lLunBs/Ym6LB5Z9jYTR76FiuTmxDTDusOGeTQH+WWjE=
github.com/onsi/ginkgo v1.8.0/go.mod h1:lLunBs/Ym6LB5Z9jYTR76FiuTmxDTDusOGeTQH+WWjE=
github.com/onsi/gomega v1.5.0/go.mod h1:ex+gbHU/CVuBBDIJjb2X0qEXbFg53c61hWP/1CpauHY=
github.com/peterh/liner v0.0.0-20170317030525-88609521dc4b h1:8uaXtUkxiy+T/zdLWuxa/PG4so0TPZDZfafFNNSaptE=
github.com/peterh/liner v0.0.0-20170317030525-88609521dc4b/go.mod h1:xIteQHvHuaLYG9IFj6mSxM0fCKrs34IrEQUhOYuGPHc=
github.com/pkg/profile v0.0.0-20170413231811-06b906832ed0/go.mod h1:hJw3o1OdXxsrSjjVksARp5W95eeEaEfptyVZyv6JUPA=
github.com/pmezard/go-difflib v1.0.0/go.mod h1:iKH77koFhYxTK1pcRnkKkqfTogsbg7gZNVY4sRDYZ/4=
github.com/rogpeppe/go-internal v1.3.0/go.mod h1:M8bDsm7K2OlrFYOpmOWEs/qY81heoFRclV5y23lUDJ4=
github.com/russross/blackfriday v0.0.0-20180428102519-11635eb403ff/go.mod h1:JO/DiYxRf+HjHt06OyowR9PTA263kcR/rfWxYHBV53g=
github.com/sergi/go-diff v1.0.0 h1:Kpca3qRNrduNnOQeazBd0ysaKrUJiIuISHxogkT9RPQ=
github.com/sergi/go-diff v1.0.0/go.mod h1:0CfEIISq7TuYL3j771MWULgwwjU+GofnZX9QAmXWZgo=
github.com/sergi/go-diff v1.1.0 h1:we8PVUC3FE2uYfodKH/nBHMSetSfHDR6scGdBi+erh0=
github.com/sergi/go-diff v1.1.0/go.mod h1:STckp+ISIX8hZLjrqAeVduY0gWCT9IjLuqbuNXdaHfM=
github.com/sirupsen/logrus v0.0.0-20180523074243-ea8897e79973 h1:3AJZYTzw3gm3TNTt30x0CCKD7GOn2sdd50Hn35fQkGY=
github.com/sirupsen/logrus v0.0.0-20180523074243-ea8897e79973/go.mod h1:pMByvHTf9Beacp5x1UXfOR9xyW/9antXMhjMPG0dEzc=
github.com/spf13/cobra v0.0.0-20170417170307-b6cb39589372 h1:eRfW1vRS4th8IX2iQeyqQ8cOUNOySvAYJ0IUvTXGoYA=
github.com/spf13/cobra v0.0.0-20170417170307-b6cb39589372/go.mod h1:1l0Ry5zgKvJasoi3XT1TypsSe7PqH0Sj9dhYf7v3XqQ=
github.com/spf13/pflag v0.0.0-20170417173400-9e4c21054fa1 h1:7bozMfSdo41n2NOc0GsVTTVUiA+Ncaj6pXNpm4UHKys=
github.com/spf13/pflag v0.0.0-20170417173400-9e4c21054fa1/go.mod h1:DYY7MBk1bdzusC3SYhjObp+wFpr4gzcvqqNjLnInEg4=
github.com/stretchr/objx v0.1.0/go.mod h1:HFkY916IF+rwdDfMAkV7OtwuqBVzrE8GR6GFx+wExME=
github.com/stretchr/testify v1.3.0/go.mod h1:M5WIy9Dh21IEIfnGCwXGc5bZfKNJtfHm1UVUgZn+9EI=
github.com/stretchr/testify v1.4.0/go.mod h1:j7eGeouHqKxXV5pUuKE4zz7dFj8WfuZ+81PSLYec5m4=
github.com/yuin/goldmark v1.1.27/go.mod h1:3hX8gzYuyVAZsxl0MRgGTJEmQBFcNTphYh9decYSb74=
go.starlark.net v0.0.0-20190702223751-32f345186213 h1:lkYv5AKwvvduv5XWP6szk/bvvgO6aDeUujhZQXIFTes=
go.starlark.net v0.0.0-20190702223751-32f345186213/go.mod h1:c1/X6cHgvdXj6pUlmWKMkuqRnW4K8x2vwt6JAaaircg=
golang.org/x/arch v0.0.0-20190927153633-4e8777c89be4 h1:QlVATYS7JBoZMVaf+cNjb90WD/beKVHnIxFKT4QaHVI=
golang.org/x/arch v0.0.0-20190927153633-4e8777c89be4/go.mod h1:flIaEI6LNU6xOCD5PaJvn9wGP0agmIOqjrtsKGRguv4=
golang.org/x/crypto v0.0.0-20190308221718-c2843e01d9a2/go.mod h1:djNgcEr1/C05ACkg1iLfiJU5Ep61QUkGW8qpdssI0+w=
golang.org/x/crypto v0.0.0-20190325154230-a5d413f7728c/go.mod h1:djNgcEr1/C05ACkg1iLfiJU5Ep61QUkGW8qpdssI0+w=
golang.org/x/crypto v0.0.0-20190510104115-cbcb75029529/go.mod h1:yigFU9vqHzYiE8UmvKecakEJjdnWj3jj499lnFckfCI=
golang.org/x/crypto v0.0.0-20191011191535-87dc89f01550/go.mod h1:yigFU9vqHzYiE8UmvKecakEJjdnWj3jj499lnFckfCI=
golang.org/x/crypto v0.0.0-20191205180655-e7c4368fe9dd/go.mod h1:LzIPMQfyMNhhGPhUkYOs5KpL4U8rLKemX1yGLhDgUto=
golang.org/x/crypto v0.0.0-20200403201458-baeed622b8d8 h1:fpnn/HnJONpIu6hkXi1u/7rR0NzilgWr4T0JmWkEitk=
golang.org/x/crypto v0.0.0-20200403201458-baeed622b8d8/go.mod h1:LzIPMQfyMNhhGPhUkYOs5KpL4U8rLKemX1yGLhDgUto=
golang.org/x/crypto v0.0.0-20200406173513-056763e48d71 h1:DOmugCavvUtnUD114C1Wh+UgTgQZ4pMLzXxi1pSt+/Y=
golang.org/x/crypto v0.0.0-20200406173513-056763e48d71/go.mod h1:LzIPMQfyMNhhGPhUkYOs5KpL4U8rLKemX1yGLhDgUto=
golang.org/x/mod v0.0.0-20190513183733-4bf6d317e70e/go.mod h1:mXi4GBBbnImb6dmsKGUJ2LatrhH/nqhxcFungHvyanc=
golang.org/x/mod v0.1.1-0.20191105210325-c90efee705ee h1:WG0RUwxtNT4qqaXX3DPA8zHFNm/D9xaBpxzHt1WcA/E=
golang.org/x/mod v0.1.1-0.20191105210325-c90efee705ee/go.mod h1:QqPTAvyqsEbceGzBzNggFXnrqF1CaUcvgkdR5Ot7KZg=
golang.org/x/mod v0.2.0 h1:KU7oHjnv3XNWfa5COkzUifxZmxp1TyI7ImMXqFxLwvQ=
golang.org/x/mod v0.2.0/go.mod h1:s0Qsj1ACt9ePp/hMypM3fl4fZqREWJwdYDEqhRiZZUA=
golang.org/x/net v0.0.0-20180724234803-3673e40ba225/go.mod h1:mL1N/T3taQHkDXs73rZJwtUhF3w3ftmwwsq0BUmARs4=
golang.org/x/net v0.0.0-20180906233101-161cd47e91fd/go.mod h1:mL1N/T3taQHkDXs73rZJwtUhF3w3ftmwwsq0BUmARs4=
golang.org/x/net v0.0.0-20190404232315-eb5bcb51f2a3/go.mod h1:t9HGtf8HONx5eT2rtn7q6eTqICYqUVnKs3thJo3Qplg=
golang.org/x/net v0.0.0-20190620200207-3b0461eec859/go.mod h1:z5CRVTTTmAJ677TzLLGU+0bjPO0LkuOLi4/5GtJWs/s=
golang.org/x/net v0.0.0-20200226121028-0de0cce0169b/go.mod h1:z5CRVTTTmAJ677TzLLGU+0bjPO0LkuOLi4/5GtJWs/s=
golang.org/x/sync v0.0.0-20180314180146-1d60e4601c6f/go.mod h1:RxMgew5VJxzue5/jJTE5uejpjVlOe/izrB70Jof72aM=
golang.org/x/sync v0.0.0-20190423024810-112230192c58 h1:8gQV6CLnAEikrhgkHFbMAEhagSSnXWGV915qUMm9mrU=
golang.org/x/sync v0.0.0-20190423024810-112230192c58/go.mod h1:RxMgew5VJxzue5/jJTE5uejpjVlOe/izrB70Jof72aM=
golang.org/x/sync v0.0.0-20190911185100-cd5d95a43a6e h1:vcxGaoTs7kV8m5Np9uUNQin4BrLOthgV7252N8V+FwY=
golang.org/x/sync v0.0.0-20190911185100-cd5d95a43a6e/go.mod h1:RxMgew5VJxzue5/jJTE5uejpjVlOe/izrB70Jof72aM=
golang.org/x/sys v0.0.0-20180909124046-d0be0721c37e/go.mod h1:STP8DvDyc/dI5b8T5hshtkjS+E42TnysNCUPdjciGhY=
golang.org/x/sys v0.0.0-20190215142949-d0b11bdaac8a/go.mod h1:STP8DvDyc/dI5b8T5hshtkjS+E42TnysNCUPdjciGhY=
golang.org/x/sys v0.0.0-20190412213103-97732733099d/go.mod h1:h1NjWce9XRLGQEsW7wpKNCjG9DtNlClVuFLEZdDNbEs=
golang.org/x/sys v0.0.0-20190626221950-04f50cda93cb h1:fgwFCsaw9buMuxNd6+DQfAuSFqbNiQZpcgJQAgJsK6k=
golang.org/x/sys v0.0.0-20190626221950-04f50cda93cb/go.mod h1:h1NjWce9XRLGQEsW7wpKNCjG9DtNlClVuFLEZdDNbEs=
golang.org/x/text v0.3.0/go.mod h1:NqM8EUOU14njkJ3fqMW+pc6Ldnwhi/IjpwHt7yyuwOQ=
golang.org/x/tools v0.0.0-20191119224855-298f0cb1881e/go.mod h1:b+2E5dAYhXwXZwtnZ6UAqBI28+e2cm9otk0dWdXHAEo=
golang.org/x/tools v0.0.0-20191127201027-ecd32218bd7f/go.mod h1:b+2E5dAYhXwXZwtnZ6UAqBI28+e2cm9otk0dWdXHAEo=
golang.org/x/tools v0.0.0-20191130070609-6e064ea0cf2d/go.mod h1:b+2E5dAYhXwXZwtnZ6UAqBI28+e2cm9otk0dWdXHAEo=
golang.org/x/tools v0.0.0-20200316194252-fafb6e2e8a4a h1:hKrQy/q8/Xivoqgw6nGiz1jqpn1WGBLDcWLZwW0983E=
golang.org/x/tools v0.0.0-20200316194252-fafb6e2e8a4a/go.mod h1:TB2adYChydJhpapKDTa4BR/hXlZSLoq2Wpct/0txZ28=
golang.org/x/tools v0.0.0-20200406213809-066fd1390ee0 h1:PaUgOASiqoF4KlotK7/3XKYFGN5Hw5jh/SHqOVpQBcI=
golang.org/x/tools v0.0.0-20200407041343-bf15fae40dea h1:DUwLyMDMUauGMd9kSLIlhhYJNELm06HuxeBdkFkeax4=
golang.org/x/tools v0.0.0-20200407041343-bf15fae40dea/go.mod h1:EkVYQZoAsY45+roYkvgYkIh4xh/qjgUK9TdY2XT94GE=
golang.org/x/tools/gopls v0.3.4 h1:4GC7q/pXQ/tsxHBGVdsMdlB4gCxVC06m/7rIXg1Px4E=
golang.org/x/tools/gopls v0.3.4/go.mod h1:nqjOXZbGufURqjnjQhnsUGOadYZtcuqafl5webRiUfE=
golang.org/x/tools/gopls v0.4.0 h1:G4+YP9kaV4dJb79J5MobyApxX493Qa6VoiTceUmxqik=
golang.org/x/tools/gopls v0.4.0/go.mod h1:fdOZ8zb6nqlePvfek79JCskQXI4W+i2e1xT+xOPKMcY=
golang.org/x/xerrors v0.0.0-20190717185122-a985d3407aa7/go.mod h1:I/5z698sn9Ka8TeJc9MKroUUfqBBauWjQqLJ2OPfmY0=
golang.org/x/xerrors v0.0.0-20191011141410-1b5146add898 h1:/atklqdjdhuosWIl6AIbOeHJjicWYPqR9bpxqxYG2pA=
golang.org/x/xerrors v0.0.0-20191011141410-1b5146add898/go.mod h1:I/5z698sn9Ka8TeJc9MKroUUfqBBauWjQqLJ2OPfmY0=
golang.org/x/xerrors v0.0.0-20191204190536-9bdfabe68543 h1:E7g+9GITq07hpfrRu66IVDexMakfv52eLZ2CXBWiKr4=
golang.org/x/xerrors v0.0.0-20191204190536-9bdfabe68543/go.mod h1:I/5z698sn9Ka8TeJc9MKroUUfqBBauWjQqLJ2OPfmY0=
google.golang.org/appengine v1.4.0/go.mod h1:xpcJRLb0r/rnEns0DIKYYv+WjYCduHsrkT7/EB5XEv4=
gopkg.in/airbrake/gobrake.v2 v2.0.9/go.mod h1:/h5ZAUhDkGaJfjzjKLSjv6zCL6O0LLBxU4K+aSYdM/U=
gopkg.in/check.v1 v0.0.0-20161208181325-20d25e280405/go.mod h1:Co6ibVJAznAaIkqp8huTwlJQCZ016jof/cbN4VW5Yz0=
gopkg.in/check.v1 v1.0.0-20180628173108-788fd7840127/go.mod h1:Co6ibVJAznAaIkqp8huTwlJQCZ016jof/cbN4VW5Yz0=
gopkg.in/check.v1 v1.0.0-20190902080502-41f04d3bba15/go.mod h1:Co6ibVJAznAaIkqp8huTwlJQCZ016jof/cbN4VW5Yz0=
gopkg.in/errgo.v2 v2.1.0/go.mod h1:hNsd1EY+bozCKY1Ytp96fpM3vjJbqLJn88ws8XvfDNI=
gopkg.in/fsnotify.v1 v1.4.7/go.mod h1:Tz8NjZHkW78fSQdbUxIjBTcgA1z1m8ZHf0WmKUhAMys=
gopkg.in/gemnasium/logrus-airbrake-hook.v2 v2.1.2/go.mod h1:Xk6kEKp8OKb+X14hQBKWaSkCsqBpgog8nAV2xsGOxlo=
gopkg.in/tomb.v1 v1.0.0-20141024135613-dd632973f1e7/go.mod h1:dt/ZhP58zS4L8KSrWDmTeBkI65Dw0HsyUHuEVlX15mw=
gopkg.in/yaml.v2 v2.2.1/go.mod h1:hI93XBmqTisBFMUTm0b8Fm+jr3Dg1NNxqwp+5A1VGuI=
gopkg.in/yaml.v2 v2.2.2 h1:ZCJp+EgiOT7lHqUV2J862kp8Qj64Jo6az82+3Td9dZw=
gopkg.in/yaml.v2 v2.2.2/go.mod h1:hI93XBmqTisBFMUTm0b8Fm+jr3Dg1NNxqwp+5A1VGuI=
gopkg.in/yaml.v2 v2.2.4/go.mod h1:hI93XBmqTisBFMUTm0b8Fm+jr3Dg1NNxqwp+5A1VGuI=
honnef.co/go/tools v0.0.1-2020.1.3 h1:sXmLre5bzIR6ypkjXCDI3jHPssRhc8KD/Ome589sc3U=
honnef.co/go/tools v0.0.1-2020.1.3/go.mod h1:X/FiERA/W4tHapMX5mGpAtMSVEeEUOyHaw9vFzvIQ3k=
mvdan.cc/xurls/v2 v2.1.0 h1:KaMb5GLhlcSX+e+qhbRJODnUUBvlw01jt4yrjFIHAuA=
mvdan.cc/xurls/v2 v2.1.0/go.mod h1:5GrSd9rOnKOpZaji1OZLYL/yeAAtGDlo/cFe+8K5n8E=
rsc.io/pdf v0.1.1/go.mod h1:n8OzWcQ6Sp37PL01nO98y4iUCRdTGarVfzxY20ICaU4=
